
Microsoft Visual Studio Solution File, Format Version 12.00
# Visual Studio Version 17
VisualStudioVersion = 17.12.35707.178
MinimumVisualStudioVersion = 10.0.40219.1
Project("{FAE04EC0-301F-11D3-BF4B-00C04F79EFBC}") = "ConexusPruebaAPI", "ConexusPruebaAPI\ConexusPruebaAPI.csproj", "{5D115EB5-7264-4605-9E42-9891D2D588F0}"
EndProject
Project("{FAE04EC0-301F-11D3-BF4B-00C04F79EFBC}") = "Domain", "Domain\Domain.csproj", "{529688EC-06E6-4F07-AC49-A1DDD7E9E269}"
EndProject
Project("{FAE04EC0-301F-11D3-BF4B-00C04F79EFBC}") = "Persistence", "Persistence\Persistence.csproj", "{FFEF6793-FAD6-45F6-9E08-A3A95BA2CACD}"
EndProject
Project("{FAE04EC0-301F-11D3-BF4B-00C04F79EFBC}") = "App", "App\App.csproj", "{D40FA500-8806-425A-A772-195C79090C2D}"
EndProject
Global
	GlobalSection(SolutionConfigurationPlatforms) = preSolution
		Debug|Any CPU = Debug|Any CPU
		Release|Any CPU = Release|Any CPU
	EndGlobalSection
	GlobalSection(ProjectConfigurationPlatforms) = postSolution
		{5D115EB5-7264-4605-9E42-9891D2D588F0}.Debug|Any CPU.ActiveCfg = Debug|Any CPU
		{5D115EB5-7264-4605-9E42-9891D2D588F0}.Debug|Any CPU.Build.0 = Debug|Any CPU
		{5D115EB5-7264-4605-9E42-9891D2D588F0}.Release|Any CPU.ActiveCfg = Release|Any CPU
		{5D115EB5-7264-4605-9E42-9891D2D588F0}.Release|Any CPU.Build.0 = Release|Any CPU
		{529688EC-06E6-4F07-AC49-A1DDD7E9E269}.Debug|Any CPU.ActiveCfg = Debug|Any CPU
		{529688EC-06E6-4F07-AC49-A1DDD7E9E269}.Debug|Any CPU.Build.0 = Debug|Any CPU
		{529688EC-06E6-4F07-AC49-A1DDD7E9E269}.Release|Any CPU.ActiveCfg = Release|Any CPU
		{529688EC-06E6-4F07-AC49-A1DDD7E9E269}.Release|Any CPU.Build.0 = Release|Any CPU
		{FFEF6793-FAD6-45F6-9E08-A3A95BA2CACD}.Debug|Any CPU.ActiveCfg = Debug|Any CPU
		{FFEF6793-FAD6-45F6-9E08-A3A95BA2CACD}.Debug|Any CPU.Build.0 = Debug|Any CPU
		{FFEF6793-FAD6-45F6-9E08-A3A95BA2CACD}.Release|Any CPU.ActiveCfg = Release|Any CPU
		{FFEF6793-FAD6-45F6-9E08-A3A95BA2CACD}.Release|Any CPU.Build.0 = Release|Any CPU
		{D40FA500-8806-425A-A772-195C79090C2D}.Debug|Any CPU.ActiveCfg = Debug|Any CPU
		{D40FA500-8806-425A-A772-195C79090C2D}.Debug|Any CPU.Build.0 = Debug|Any CPU
		{D40FA500-8806-425A-A772-195C79090C2D}.Release|Any CPU.ActiveCfg = Release|Any CPU
		{D40FA500-8806-425A-A772-195C79090C2D}.Release|Any CPU.Build.0 = Release|Any CPU
	EndGlobalSection
	GlobalSection(SolutionProperties) = preSolution
		HideSolutionNode = FALSE
	EndGlobalSection
EndGlobal
